
Microsoft Visual Studio Solution File, Format Version 12.00
# Visual Studio 15
VisualStudioVersion = 15.0.28010.2003
MinimumVisualStudioVersion = 10.0.40219.1
Project("{FAE04EC0-301F-11D3-BF4B-00C04F79EFBC}") = "SalesCalculator", "SalesCalculator\SalesCalculator.csproj", "{7AABF3B9-94B9-4215-9BC5-8C97BE82DB5F}"
EndProject
Global
	GlobalSection(SolutionConfigurationPlatforms) = preSolution
		Debug|Any CPU = Debug|Any CPU
		Release|Any CPU = Release|Any CPU
	EndGlobalSection
	GlobalSection(ProjectConfigurationPlatforms) = postSolution
		{7AABF3B9-94B9-4215-9BC5-8C97BE82DB5F}.Debug|Any CPU.ActiveCfg = Debug|Any CPU
		{7AABF3B9-94B9-4215-9BC5-8C97BE82DB5F}.Debug|Any CPU.Build.0 = Debug|Any CPU
		{7AABF3B9-94B9-4215-9BC5-8C97BE82DB5F}.Release|Any CPU.ActiveCfg = Release|Any CPU
		{7AABF3B9-94B9-4215-9BC5-8C97BE82DB5F}.Release|Any CPU.Build.0 = Release|Any CPU
	EndGlobalSection
	GlobalSection(SolutionProperties) = preSolution
		HideSolutionNode = FALSE
	EndGlobalSection
	GlobalSection(ExtensibilityGlobals) = postSolution
		SolutionGuid = {EB829C1C-64FF-484C-94E2-A781060F8DD6}
	EndGlobalSection
EndGlobal
