
Microsoft Visual Studio Solution File, Format Version 12.00
# Visual Studio 15
VisualStudioVersion = 15.0.28010.2003
MinimumVisualStudioVersion = 10.0.40219.1
Project("{FAE04EC0-301F-11D3-BF4B-00C04F79EFBC}") = "Chapter4-practice1", "Chapter4-practice1\Chapter4-practice1.csproj", "{EE863F46-AED3-4FFA-82E6-FB331BBA75BE}"
EndProject
Global
	GlobalSection(SolutionConfigurationPlatforms) = preSolution
		Debug|Any CPU = Debug|Any CPU
		Release|Any CPU = Release|Any CPU
	EndGlobalSection
	GlobalSection(ProjectConfigurationPlatforms) = postSolution
		{EE863F46-AED3-4FFA-82E6-FB331BBA75BE}.Debug|Any CPU.ActiveCfg = Debug|Any CPU
		{EE863F46-AED3-4FFA-82E6-FB331BBA75BE}.Debug|Any CPU.Build.0 = Debug|Any CPU
		{EE863F46-AED3-4FFA-82E6-FB331BBA75BE}.Release|Any CPU.ActiveCfg = Release|Any CPU
		{EE863F46-AED3-4FFA-82E6-FB331BBA75BE}.Release|Any CPU.Build.0 = Release|Any CPU
	EndGlobalSection
	GlobalSection(SolutionProperties) = preSolution
		HideSolutionNode = FALSE
	EndGlobalSection
	GlobalSection(ExtensibilityGlobals) = postSolution
		SolutionGuid = {AAA37B35-C9B6-4A19-B652-1B3C5EE58F63}
	EndGlobalSection
EndGlobal
