
Microsoft Visual Studio Solution File, Format Version 12.00
# Visual Studio 15
VisualStudioVersion = 15.0.28010.2003
MinimumVisualStudioVersion = 10.0.40219.1
Project("{FAE04EC0-301F-11D3-BF4B-00C04F79EFBC}") = "Chapter1-practice_2", "Chapter1-practice_2\Chapter1-practice_2.csproj", "{44F1415A-B70A-4605-A895-4E75E3907552}"
EndProject
Global
	GlobalSection(SolutionConfigurationPlatforms) = preSolution
		Debug|Any CPU = Debug|Any CPU
		Release|Any CPU = Release|Any CPU
	EndGlobalSection
	GlobalSection(ProjectConfigurationPlatforms) = postSolution
		{44F1415A-B70A-4605-A895-4E75E3907552}.Debug|Any CPU.ActiveCfg = Debug|Any CPU
		{44F1415A-B70A-4605-A895-4E75E3907552}.Debug|Any CPU.Build.0 = Debug|Any CPU
		{44F1415A-B70A-4605-A895-4E75E3907552}.Release|Any CPU.ActiveCfg = Release|Any CPU
		{44F1415A-B70A-4605-A895-4E75E3907552}.Release|Any CPU.Build.0 = Release|Any CPU
	EndGlobalSection
	GlobalSection(SolutionProperties) = preSolution
		HideSolutionNode = FALSE
	EndGlobalSection
	GlobalSection(ExtensibilityGlobals) = postSolution
		SolutionGuid = {499AD6E2-8620-4345-B6CA-A62216E07A86}
	EndGlobalSection
EndGlobal
