
Microsoft Visual Studio Solution File, Format Version 12.00
# Visual Studio 15
VisualStudioVersion = 15.0.28010.2003
MinimumVisualStudioVersion = 10.0.40219.1
Project("{FAE04EC0-301F-11D3-BF4B-00C04F79EFBC}") = "Chapter4-1", "Chapter4-1\Chapter4-1.csproj", "{B2AE8E01-14C8-4A61-9392-FCE286FC7EA5}"
EndProject
Global
	GlobalSection(SolutionConfigurationPlatforms) = preSolution
		Debug|Any CPU = Debug|Any CPU
		Release|Any CPU = Release|Any CPU
	EndGlobalSection
	GlobalSection(ProjectConfigurationPlatforms) = postSolution
		{B2AE8E01-14C8-4A61-9392-FCE286FC7EA5}.Debug|Any CPU.ActiveCfg = Debug|Any CPU
		{B2AE8E01-14C8-4A61-9392-FCE286FC7EA5}.Debug|Any CPU.Build.0 = Debug|Any CPU
		{B2AE8E01-14C8-4A61-9392-FCE286FC7EA5}.Release|Any CPU.ActiveCfg = Release|Any CPU
		{B2AE8E01-14C8-4A61-9392-FCE286FC7EA5}.Release|Any CPU.Build.0 = Release|Any CPU
	EndGlobalSection
	GlobalSection(SolutionProperties) = preSolution
		HideSolutionNode = FALSE
	EndGlobalSection
	GlobalSection(ExtensibilityGlobals) = postSolution
		SolutionGuid = {FABA9DD9-0C7E-4C46-BD8D-50242B2458D9}
	EndGlobalSection
EndGlobal
